{
  "requires": true,
  "lockfileVersion": 1,
  "dependencies": {
    "inherits": {
      "version": "2.0.3",
      "resolved": "https://registry.npmjs.org/inherits/-/inherits-2.0.3.tgz",
      "integrity": "sha1-Yzwsg+PaQqUC9SRmAiSA9CCCYd4="
    },
    "systeminformation": {
      "version": "4.0.15",
      "resolved": "https://registry.npmjs.org/systeminformation/-/systeminformation-4.0.15.tgz",
      "integrity": "sha512-fnG0dDORrBHhF9IQzX4pMJzNuQnZvmepGqqv6a2J7VYGv/Z/8+E5Mrzbx4HLvVJZHhTcSe8szTWgLa1ALeh8lg=="
    }
  }
}
